{
  "version": 4,
  "terraform_version": "1.6.6",
  "serial": 25,
  "lineage": "0f936560-686d-b173-06e6-b46a600f7ea8",
  "outputs": {},
  "resources": [
    {
      "mode": "managed",
      "type": "proxmox_vm_qemu",
      "name": "debian",
      "provider": "provider[\"registry.terraform.io/terraform-for-proxmox/proxmox\"]",
      "instances": [
        {
          "index_key": 0,
          "schema_version": 0,
          "attributes": {
            "additional_wait": 5,
            "agent": 1,
            "args": "",
            "automatic_reboot": true,
            "balloon": 0,
            "bios": "seabios",
            "boot": "order=scsi0",
            "bootdisk": "",
            "bridge": null,
            "ci_wait": null,
            "cicustom": "",
            "cipassword": "",
            "ciuser": "administrator",
            "clone": "debian-12-generic-amd64",
            "clone_wait": 45,
            "cloudinit_cdrom_storage": null,
            "cores": 4,
            "cpu": "host",
            "default_ipv4_address": "10.10.100.91",
            "define_connection_info": true,
            "desc": "Debian 12 generic",
            "disk": [],
            "disk_gb": null,
            "efidisk": [],
            "force_create": false,
            "force_recreate_on_change_of": null,
            "full_clone": true,
            "guest_agent_ready_timeout": 100,
            "hagroup": "",
            "hastate": "",
            "hostpci": [],
            "hotplug": "network,disk,usb",
            "id": "pve1/qemu/2001",
            "ipconfig": [],
            "ipconfig0": "ip=10.10.100.91/24,gw=10.10.100.1",
            "ipconfig1": "",
            "ipconfig10": "",
            "ipconfig11": "",
            "ipconfig12": "",
            "ipconfig13": "",
            "ipconfig14": "",
            "ipconfig15": "",
            "ipconfig2": "",
            "ipconfig3": "",
            "ipconfig4": "",
            "ipconfig5": "",
            "ipconfig6": "",
            "ipconfig7": "",
            "ipconfig8": "",
            "ipconfig9": "",
            "iso": null,
            "kvm": true,
            "mac": null,
            "machine": "",
            "memory": 4096,
            "name": "Server-01",
            "nameserver": "10.10.100.1",
            "network": [
              {
                "bridge": "vmbr0",
                "firewall": false,
                "link_down": false,
                "macaddr": "32:39:4A:D3:D7:60",
                "model": "virtio",
                "mtu": 0,
                "queues": 0,
                "rate": 0,
                "tag": 100
              }
            ],
            "nic": null,
            "numa": false,
            "onboot": true,
            "oncreate": false,
            "os_network_config": null,
            "os_type": "cloud-init",
            "pool": "",
            "preprovision": true,
            "pxe": null,
            "qemu_os": "l26",
            "reboot_required": false,
            "scsihw": "lsi",
            "searchdomain": "",
            "serial": [],
            "smbios": [
              {
                "family": "",
                "manufacturer": "",
                "product": "",
                "serial": "",
                "sku": "",
                "uuid": "dd7742c9-06d3-4009-9197-a697af4cd38f",
                "version": ""
              }
            ],
            "sockets": 1,
            "ssh_forward_ip": null,
            "ssh_host": "10.10.100.91",
            "ssh_port": "22",
            "ssh_private_key": null,
            "ssh_user": null,
            "sshkeys": "    ssh-rsa AAAAB3NzaC1yc2EAAAADAQABAAABgQDfuR45VZdCGKRfr9qaqOSSjrFu7ggOpgIU3DEc3zdAyt+sVnFjY1mBu2llJgZnJcgQ7hTCwI42zbWf16P+Muqm/4s4dk0FKKJ24UH9f1pWUFvGCmm/fTINinCx34bwGlKG7kuPDEExKjskaUY/o75sQA87FxSXrCdEDVdF0addY19hW+F0/X9j4odwETJvLrLVxvx8KpzdSQuwB4apcY/dwcPCOxaNF0nfTbg+OWc/waTVhlB7HDiB/K8KGv16eL/4TpEtkt7S26p4rUf4cz0cRmt5XWkVfXThs/jBSfYMr/QXddSS+o/Y0hMdju4yuQfOU26i8XT2xxT9hUPjGXAgbPgzP5mksIoj11DhJYyRaTeB5EaI6XOFImgUzk00nOeLuBsoPFtfEQXVyZnla6U06DFQcVdtV9aszYC7mtUNJX8lB/w3IxkaHY/l/pJExuON2hq/5rI5LI6gVxJosSs9d6YT04lRGOAUmQKV8BufhbTItNO2tQaDvGed4sH7wkU= administrator@localhost\r\n\n",
            "startup": "",
            "storage": null,
            "storage_type": null,
            "tablet": true,
            "tags": "",
            "target_node": "pve1",
            "target_nodes": null,
            "timeouts": {
              "create": "20m",
              "default": null,
              "delete": "10m",
              "read": null,
              "update": null
            },
            "unused_disk": [],
            "usb": [],
            "vcpus": 0,
            "vga": [],
            "vlan": -1,
            "vm_state": "running",
            "vmid": 2001
          },
          "sensitive_attributes": [],
          "private": "eyJlMmJmYjczMC1lY2FhLTExZTYtOGY4OC0zNDM2M2JjN2M0YzAiOnsiY3JlYXRlIjoxMjAwMDAwMDAwMDAwLCJkZWZhdWx0IjoxMjAwMDAwMDAwMDAwLCJkZWxldGUiOjYwMDAwMDAwMDAwMCwicmVhZCI6MTIwMDAwMDAwMDAwMCwidXBkYXRlIjoxMjAwMDAwMDAwMDAwfX0="
        },
        {
          "index_key": 1,
          "schema_version": 0,
          "attributes": {
            "additional_wait": 5,
            "agent": 1,
            "args": "",
            "automatic_reboot": true,
            "balloon": 0,
            "bios": "seabios",
            "boot": "order=scsi0",
            "bootdisk": "",
            "bridge": null,
            "ci_wait": null,
            "cicustom": "",
            "cipassword": "",
            "ciuser": "administrator",
            "clone": "debian-12-generic-amd64",
            "clone_wait": 45,
            "cloudinit_cdrom_storage": null,
            "cores": 4,
            "cpu": "host",
            "default_ipv4_address": "10.10.100.92",
            "define_connection_info": true,
            "desc": "Debian 12 generic",
            "disk": [],
            "disk_gb": null,
            "efidisk": [],
            "force_create": false,
            "force_recreate_on_change_of": null,
            "full_clone": true,
            "guest_agent_ready_timeout": 100,
            "hagroup": "",
            "hastate": "",
            "hostpci": [],
            "hotplug": "network,disk,usb",
            "id": "pve1/qemu/2002",
            "ipconfig": [],
            "ipconfig0": "ip=10.10.100.92/24,gw=10.10.100.1",
            "ipconfig1": "",
            "ipconfig10": "",
            "ipconfig11": "",
            "ipconfig12": "",
            "ipconfig13": "",
            "ipconfig14": "",
            "ipconfig15": "",
            "ipconfig2": "",
            "ipconfig3": "",
            "ipconfig4": "",
            "ipconfig5": "",
            "ipconfig6": "",
            "ipconfig7": "",
            "ipconfig8": "",
            "ipconfig9": "",
            "iso": null,
            "kvm": true,
            "mac": null,
            "machine": "",
            "memory": 4096,
            "name": "Server-02",
            "nameserver": "10.10.100.1",
            "network": [
              {
                "bridge": "vmbr0",
                "firewall": false,
                "link_down": false,
                "macaddr": "26:5D:43:BC:49:07",
                "model": "virtio",
                "mtu": 0,
                "queues": 0,
                "rate": 0,
                "tag": 100
              }
            ],
            "nic": null,
            "numa": false,
            "onboot": true,
            "oncreate": false,
            "os_network_config": null,
            "os_type": "cloud-init",
            "pool": "",
            "preprovision": true,
            "pxe": null,
            "qemu_os": "l26",
            "reboot_required": false,
            "scsihw": "lsi",
            "searchdomain": "",
            "serial": [],
            "smbios": [
              {
                "family": "",
                "manufacturer": "",
                "product": "",
                "serial": "",
                "sku": "",
                "uuid": "9bd59320-88bf-4f8a-aa53-a639d9cab975",
                "version": ""
              }
            ],
            "sockets": 1,
            "ssh_forward_ip": null,
            "ssh_host": "10.10.100.92",
            "ssh_port": "22",
            "ssh_private_key": null,
            "ssh_user": null,
            "sshkeys": "    ssh-rsa AAAAB3NzaC1yc2EAAAADAQABAAABgQDfuR45VZdCGKRfr9qaqOSSjrFu7ggOpgIU3DEc3zdAyt+sVnFjY1mBu2llJgZnJcgQ7hTCwI42zbWf16P+Muqm/4s4dk0FKKJ24UH9f1pWUFvGCmm/fTINinCx34bwGlKG7kuPDEExKjskaUY/o75sQA87FxSXrCdEDVdF0addY19hW+F0/X9j4odwETJvLrLVxvx8KpzdSQuwB4apcY/dwcPCOxaNF0nfTbg+OWc/waTVhlB7HDiB/K8KGv16eL/4TpEtkt7S26p4rUf4cz0cRmt5XWkVfXThs/jBSfYMr/QXddSS+o/Y0hMdju4yuQfOU26i8XT2xxT9hUPjGXAgbPgzP5mksIoj11DhJYyRaTeB5EaI6XOFImgUzk00nOeLuBsoPFtfEQXVyZnla6U06DFQcVdtV9aszYC7mtUNJX8lB/w3IxkaHY/l/pJExuON2hq/5rI5LI6gVxJosSs9d6YT04lRGOAUmQKV8BufhbTItNO2tQaDvGed4sH7wkU= administrator@localhost\r\n\n",
            "startup": "",
            "storage": null,
            "storage_type": null,
            "tablet": true,
            "tags": "",
            "target_node": "pve1",
            "target_nodes": null,
            "timeouts": {
              "create": "20m",
              "default": null,
              "delete": "10m",
              "read": null,
              "update": null
            },
            "unused_disk": [],
            "usb": [],
            "vcpus": 0,
            "vga": [],
            "vlan": -1,
            "vm_state": "running",
            "vmid": 2002
          },
          "sensitive_attributes": [],
          "private": "eyJlMmJmYjczMC1lY2FhLTExZTYtOGY4OC0zNDM2M2JjN2M0YzAiOnsiY3JlYXRlIjoxMjAwMDAwMDAwMDAwLCJkZWZhdWx0IjoxMjAwMDAwMDAwMDAwLCJkZWxldGUiOjYwMDAwMDAwMDAwMCwicmVhZCI6MTIwMDAwMDAwMDAwMCwidXBkYXRlIjoxMjAwMDAwMDAwMDAwfX0="
        },
        {
          "index_key": 2,
          "schema_version": 0,
          "attributes": {
            "additional_wait": 5,
            "agent": 1,
            "args": "",
            "automatic_reboot": true,
            "balloon": 0,
            "bios": "seabios",
            "boot": "order=scsi0",
            "bootdisk": "",
            "bridge": null,
            "ci_wait": null,
            "cicustom": "",
            "cipassword": "",
            "ciuser": "administrator",
            "clone": "debian-12-generic-amd64",
            "clone_wait": 45,
            "cloudinit_cdrom_storage": null,
            "cores": 4,
            "cpu": "host",
            "default_ipv4_address": "10.10.100.93",
            "define_connection_info": true,
            "desc": "Debian 12 generic",
            "disk": [],
            "disk_gb": null,
            "efidisk": [],
            "force_create": false,
            "force_recreate_on_change_of": null,
            "full_clone": true,
            "guest_agent_ready_timeout": 100,
            "hagroup": "",
            "hastate": "",
            "hostpci": [],
            "hotplug": "network,disk,usb",
            "id": "pve1/qemu/2003",
            "ipconfig": [],
            "ipconfig0": "ip=10.10.100.93/24,gw=10.10.100.1",
            "ipconfig1": "",
            "ipconfig10": "",
            "ipconfig11": "",
            "ipconfig12": "",
            "ipconfig13": "",
            "ipconfig14": "",
            "ipconfig15": "",
            "ipconfig2": "",
            "ipconfig3": "",
            "ipconfig4": "",
            "ipconfig5": "",
            "ipconfig6": "",
            "ipconfig7": "",
            "ipconfig8": "",
            "ipconfig9": "",
            "iso": null,
            "kvm": true,
            "mac": null,
            "machine": "",
            "memory": 4096,
            "name": "Server-03",
            "nameserver": "10.10.100.1",
            "network": [
              {
                "bridge": "vmbr0",
                "firewall": false,
                "link_down": false,
                "macaddr": "12:B7:D2:5D:AA:5A",
                "model": "virtio",
                "mtu": 0,
                "queues": 0,
                "rate": 0,
                "tag": 100
              }
            ],
            "nic": null,
            "numa": false,
            "onboot": true,
            "oncreate": false,
            "os_network_config": null,
            "os_type": "cloud-init",
            "pool": "",
            "preprovision": true,
            "pxe": null,
            "qemu_os": "l26",
            "reboot_required": false,
            "scsihw": "lsi",
            "searchdomain": "",
            "serial": [],
            "smbios": [
              {
                "family": "",
                "manufacturer": "",
                "product": "",
                "serial": "",
                "sku": "",
                "uuid": "dcfd6f4c-2ede-4c85-915c-cddac5b315e3",
                "version": ""
              }
            ],
            "sockets": 1,
            "ssh_forward_ip": null,
            "ssh_host": "10.10.100.93",
            "ssh_port": "22",
            "ssh_private_key": null,
            "ssh_user": null,
            "sshkeys": "    ssh-rsa AAAAB3NzaC1yc2EAAAADAQABAAABgQDfuR45VZdCGKRfr9qaqOSSjrFu7ggOpgIU3DEc3zdAyt+sVnFjY1mBu2llJgZnJcgQ7hTCwI42zbWf16P+Muqm/4s4dk0FKKJ24UH9f1pWUFvGCmm/fTINinCx34bwGlKG7kuPDEExKjskaUY/o75sQA87FxSXrCdEDVdF0addY19hW+F0/X9j4odwETJvLrLVxvx8KpzdSQuwB4apcY/dwcPCOxaNF0nfTbg+OWc/waTVhlB7HDiB/K8KGv16eL/4TpEtkt7S26p4rUf4cz0cRmt5XWkVfXThs/jBSfYMr/QXddSS+o/Y0hMdju4yuQfOU26i8XT2xxT9hUPjGXAgbPgzP5mksIoj11DhJYyRaTeB5EaI6XOFImgUzk00nOeLuBsoPFtfEQXVyZnla6U06DFQcVdtV9aszYC7mtUNJX8lB/w3IxkaHY/l/pJExuON2hq/5rI5LI6gVxJosSs9d6YT04lRGOAUmQKV8BufhbTItNO2tQaDvGed4sH7wkU= administrator@localhost\r\n\n",
            "startup": "",
            "storage": null,
            "storage_type": null,
            "tablet": true,
            "tags": "",
            "target_node": "pve1",
            "target_nodes": null,
            "timeouts": {
              "create": "20m",
              "default": null,
              "delete": "10m",
              "read": null,
              "update": null
            },
            "unused_disk": [],
            "usb": [],
            "vcpus": 0,
            "vga": [],
            "vlan": -1,
            "vm_state": "running",
            "vmid": 2003
          },
          "sensitive_attributes": [],
          "private": "eyJlMmJmYjczMC1lY2FhLTExZTYtOGY4OC0zNDM2M2JjN2M0YzAiOnsiY3JlYXRlIjoxMjAwMDAwMDAwMDAwLCJkZWZhdWx0IjoxMjAwMDAwMDAwMDAwLCJkZWxldGUiOjYwMDAwMDAwMDAwMCwicmVhZCI6MTIwMDAwMDAwMDAwMCwidXBkYXRlIjoxMjAwMDAwMDAwMDAwfX0="
        }
      ]
    }
  ],
  "check_results": null
}
