{
  "version": 4,
  "terraform_version": "1.7.1",
  "serial": 10,
  "lineage": "430a8eab-2e03-4895-7fdc-9bebc0600549",
  "outputs": {},
  "resources": [
    {
      "mode": "managed",
      "type": "proxmox_vm_qemu",
      "name": "docker",
      "provider": "provider[\"registry.opentofu.org/telmate/proxmox\"]",
      "instances": [
        {
          "schema_version": 0,
          "attributes": {
            "additional_wait": 5,
            "agent": 1,
            "args": "",
            "automatic_reboot": true,
            "balloon": 0,
            "bios": "ovmf",
            "boot": "order=scsi0;ide2",
            "bootdisk": "",
            "bridge": null,
            "ci_wait": null,
            "cicustom": "",
            "cipassword": "8ug58unny",
            "ciuser": "administrator",
            "clone": "debian-12-generic-amd64",
            "clone_wait": 45,
            "cloudinit_cdrom_storage": "proxmox",
            "cores": 1,
            "cpu": "kvm64",
            "default_ipv4_address": "10.10.10.5",
            "define_connection_info": true,
            "desc": "Docker Server",
            "disk": [],
            "disk_gb": null,
            "disks": [
              {
                "ide": [],
                "sata": [],
                "scsi": [
                  {
                    "scsi0": [
                      {
                        "cdrom": [],
                        "disk": [
                          {
                            "asyncio": "",
                            "backup": true,
                            "cache": "",
                            "discard": false,
                            "emulatessd": false,
                            "format": "raw",
                            "id": 0,
                            "iops_r_burst": 0,
                            "iops_r_burst_length": 0,
                            "iops_r_concurrent": 0,
                            "iops_wr_burst": 0,
                            "iops_wr_burst_length": 0,
                            "iops_wr_concurrent": 0,
                            "iothread": false,
                            "linked_disk_id": -1,
                            "mbps_r_burst": 0,
                            "mbps_r_concurrent": 0,
                            "mbps_wr_burst": 0,
                            "mbps_wr_concurrent": 0,
                            "readonly": false,
                            "replicate": false,
                            "serial": "",
                            "size": 40,
                            "storage": "proxmox",
                            "wwn": ""
                          }
                        ],
                        "passthrough": []
                      }
                    ],
                    "scsi1": [],
                    "scsi10": [],
                    "scsi11": [],
                    "scsi12": [],
                    "scsi13": [],
                    "scsi14": [],
                    "scsi15": [],
                    "scsi16": [],
                    "scsi17": [],
                    "scsi18": [],
                    "scsi19": [],
                    "scsi2": [],
                    "scsi20": [],
                    "scsi21": [],
                    "scsi22": [],
                    "scsi23": [],
                    "scsi24": [],
                    "scsi25": [],
                    "scsi26": [],
                    "scsi27": [],
                    "scsi28": [],
                    "scsi29": [],
                    "scsi3": [],
                    "scsi30": [],
                    "scsi4": [],
                    "scsi5": [],
                    "scsi6": [],
                    "scsi7": [],
                    "scsi8": [],
                    "scsi9": []
                  }
                ],
                "virtio": []
              }
            ],
            "efidisk": [
              {
                "efitype": "4m",
                "storage": "proxmox"
              }
            ],
            "force_create": false,
            "force_recreate_on_change_of": null,
            "full_clone": true,
            "guest_agent_ready_timeout": 100,
            "hagroup": "",
            "hastate": "",
            "hostpci": [],
            "hotplug": "network,disk,usb",
            "id": "pve1/qemu/105",
            "ipconfig0": "ip=10.10.10.5/24,gw=10.10.10.1",
            "ipconfig1": "",
            "ipconfig10": "",
            "ipconfig11": "",
            "ipconfig12": "",
            "ipconfig13": "",
            "ipconfig14": "",
            "ipconfig15": "",
            "ipconfig2": "",
            "ipconfig3": "",
            "ipconfig4": "",
            "ipconfig5": "",
            "ipconfig6": "",
            "ipconfig7": "",
            "ipconfig8": "",
            "ipconfig9": "",
            "iso": "",
            "kvm": true,
            "linked_vmid": 0,
            "mac": null,
            "machine": "q35",
            "memory": 16384,
            "name": "docker",
            "nameserver": "10.10.10.1",
            "network": [
              {
                "bridge": "vmbr0",
                "firewall": false,
                "link_down": false,
                "macaddr": "36:F0:34:36:D4:9D",
                "model": "virtio",
                "mtu": 0,
                "queues": 0,
                "rate": 0,
                "tag": 10
              }
            ],
            "nic": null,
            "numa": false,
            "onboot": true,
            "oncreate": false,
            "os_network_config": null,
            "os_type": "cloud-init",
            "pool": "",
            "preprovision": true,
            "pxe": null,
            "qemu_os": "l26",
            "reboot_required": false,
            "scsihw": "virtio-scsi-single",
            "searchdomain": "",
            "serial": [],
            "smbios": [
              {
                "family": "",
                "manufacturer": "",
                "product": "",
                "serial": "",
                "sku": "",
                "uuid": "98c46c11-b567-4772-b066-f359098c8f94",
                "version": ""
              }
            ],
            "sockets": 4,
            "ssh_forward_ip": null,
            "ssh_host": "10.10.10.5",
            "ssh_port": "22",
            "ssh_private_key": null,
            "ssh_user": null,
            "sshkeys": "    ssh-rsa AAAAB3NzaC1yc2EAAAADAQABAAABgQCWOK/FKS3a3cJbxLi+ZdUWErernQTMb++1ey6nswJhZTRSVKbsVjXHx0sz/Tgg9wn6mH6wvtD9E64ttrP9lYg+nrIR7PdmvQvpNm3D8KVqr0j3agm7MfOgctjbmuKt5gK8fQw+hisiExwIN8sNd+VBcL0WUbX277+hTM+z0o4/cwjZXE3dHE6J33mtl9FGoi0DNZKfWYo7Kovzwl+cypUbBUiueBbouha1wZ2lSFGAvluy7sk/1ODokKvv3OaiPUkYLpchNAfzILcuWAXId4vTZPPlZ/8RfZoabr6nf4eHqqkl0B7yvP7dEhauj9oeNq9IsoNDd5h6rTbSO0TdHIseJqmyHEsKkE2TK/kcXjndLLxN4rpPRkdskwWyQg7mPPZLSr0RQOgoLKm9P4E5mEJtgEEh1wLijpIx/9acQmJlT3/4xwzatWE4vgR+Ltw3o+jMo8g20ZGdW/hGfJaFT7voCjTuJ6mdiKshR3ZRQrVYAEzGp3tS2R7Rk/InHuqJQKU= administrator@localhost\n\n\n\n",
            "startup": "",
            "storage": null,
            "storage_type": null,
            "tablet": true,
            "tags": "",
            "target_node": "pve1",
            "target_nodes": null,
            "timeouts": {
              "create": "20m",
              "default": null,
              "delete": "10m",
              "read": null,
              "update": null
            },
            "unused_disk": [],
            "usb": [],
            "vcpus": 0,
            "vga": [],
            "vlan": -1,
            "vm_state": "running",
            "vmid": 105
          },
          "sensitive_attributes": [],
          "private": "eyJlMmJmYjczMC1lY2FhLTExZTYtOGY4OC0zNDM2M2JjN2M0YzAiOnsiY3JlYXRlIjoxMjAwMDAwMDAwMDAwLCJkZWZhdWx0IjoxMjAwMDAwMDAwMDAwLCJkZWxldGUiOjYwMDAwMDAwMDAwMCwicmVhZCI6MTIwMDAwMDAwMDAwMCwidXBkYXRlIjoxMjAwMDAwMDAwMDAwfX0="
        }
      ]
    },
    {
      "mode": "managed",
      "type": "proxmox_vm_qemu",
      "name": "gitea",
      "provider": "provider[\"registry.opentofu.org/telmate/proxmox\"]",
      "instances": [
        {
          "schema_version": 0,
          "attributes": {
            "additional_wait": 5,
            "agent": 1,
            "args": "",
            "automatic_reboot": true,
            "balloon": 0,
            "bios": "ovmf",
            "boot": "order=scsi0;ide2",
            "bootdisk": "",
            "bridge": null,
            "ci_wait": null,
            "cicustom": "",
            "cipassword": "8ug58unny",
            "ciuser": "administrator",
            "clone": "debian-12-generic-amd64",
            "clone_wait": 45,
            "cloudinit_cdrom_storage": "proxmox",
            "cores": 1,
            "cpu": "kvm64",
            "default_ipv4_address": "10.10.10.2",
            "define_connection_info": true,
            "desc": "Gitea Server",
            "disk": [],
            "disk_gb": null,
            "disks": [
              {
                "ide": [],
                "sata": [],
                "scsi": [
                  {
                    "scsi0": [
                      {
                        "cdrom": [],
                        "disk": [
                          {
                            "asyncio": "",
                            "backup": true,
                            "cache": "",
                            "discard": false,
                            "emulatessd": false,
                            "format": "raw",
                            "id": 0,
                            "iops_r_burst": 0,
                            "iops_r_burst_length": 0,
                            "iops_r_concurrent": 0,
                            "iops_wr_burst": 0,
                            "iops_wr_burst_length": 0,
                            "iops_wr_concurrent": 0,
                            "iothread": false,
                            "linked_disk_id": -1,
                            "mbps_r_burst": 0,
                            "mbps_r_concurrent": 0,
                            "mbps_wr_burst": 0,
                            "mbps_wr_concurrent": 0,
                            "readonly": false,
                            "replicate": false,
                            "serial": "",
                            "size": 80,
                            "storage": "proxmox",
                            "wwn": ""
                          }
                        ],
                        "passthrough": []
                      }
                    ],
                    "scsi1": [],
                    "scsi10": [],
                    "scsi11": [],
                    "scsi12": [],
                    "scsi13": [],
                    "scsi14": [],
                    "scsi15": [],
                    "scsi16": [],
                    "scsi17": [],
                    "scsi18": [],
                    "scsi19": [],
                    "scsi2": [],
                    "scsi20": [],
                    "scsi21": [],
                    "scsi22": [],
                    "scsi23": [],
                    "scsi24": [],
                    "scsi25": [],
                    "scsi26": [],
                    "scsi27": [],
                    "scsi28": [],
                    "scsi29": [],
                    "scsi3": [],
                    "scsi30": [],
                    "scsi4": [],
                    "scsi5": [],
                    "scsi6": [],
                    "scsi7": [],
                    "scsi8": [],
                    "scsi9": []
                  }
                ],
                "virtio": []
              }
            ],
            "efidisk": [
              {
                "efitype": "4m",
                "storage": "proxmox"
              }
            ],
            "force_create": false,
            "force_recreate_on_change_of": null,
            "full_clone": true,
            "guest_agent_ready_timeout": 100,
            "hagroup": "",
            "hastate": "",
            "hostpci": [],
            "hotplug": "network,disk,usb",
            "id": "pve1/qemu/100",
            "ipconfig0": "ip=10.10.10.2/24,gw=10.10.10.1",
            "ipconfig1": "",
            "ipconfig10": "",
            "ipconfig11": "",
            "ipconfig12": "",
            "ipconfig13": "",
            "ipconfig14": "",
            "ipconfig15": "",
            "ipconfig2": "",
            "ipconfig3": "",
            "ipconfig4": "",
            "ipconfig5": "",
            "ipconfig6": "",
            "ipconfig7": "",
            "ipconfig8": "",
            "ipconfig9": "",
            "iso": "",
            "kvm": true,
            "linked_vmid": 0,
            "mac": null,
            "machine": "q35",
            "memory": 16384,
            "name": "gitea",
            "nameserver": "10.10.10.1",
            "network": [
              {
                "bridge": "vmbr0",
                "firewall": false,
                "link_down": false,
                "macaddr": "AE:0E:B4:30:46:13",
                "model": "virtio",
                "mtu": 0,
                "queues": 0,
                "rate": 0,
                "tag": 10
              }
            ],
            "nic": null,
            "numa": false,
            "onboot": true,
            "oncreate": false,
            "os_network_config": null,
            "os_type": "cloud-init",
            "pool": "",
            "preprovision": true,
            "pxe": null,
            "qemu_os": "l26",
            "reboot_required": false,
            "scsihw": "virtio-scsi-single",
            "searchdomain": "",
            "serial": [],
            "smbios": [
              {
                "family": "",
                "manufacturer": "",
                "product": "",
                "serial": "",
                "sku": "",
                "uuid": "20d41499-7964-412a-925e-53bd35aab7ae",
                "version": ""
              }
            ],
            "sockets": 4,
            "ssh_forward_ip": null,
            "ssh_host": "10.10.10.2",
            "ssh_port": "22",
            "ssh_private_key": null,
            "ssh_user": null,
            "sshkeys": "    ssh-rsa AAAAB3NzaC1yc2EAAAADAQABAAABgQCWOK/FKS3a3cJbxLi+ZdUWErernQTMb++1ey6nswJhZTRSVKbsVjXHx0sz/Tgg9wn6mH6wvtD9E64ttrP9lYg+nrIR7PdmvQvpNm3D8KVqr0j3agm7MfOgctjbmuKt5gK8fQw+hisiExwIN8sNd+VBcL0WUbX277+hTM+z0o4/cwjZXE3dHE6J33mtl9FGoi0DNZKfWYo7Kovzwl+cypUbBUiueBbouha1wZ2lSFGAvluy7sk/1ODokKvv3OaiPUkYLpchNAfzILcuWAXId4vTZPPlZ/8RfZoabr6nf4eHqqkl0B7yvP7dEhauj9oeNq9IsoNDd5h6rTbSO0TdHIseJqmyHEsKkE2TK/kcXjndLLxN4rpPRkdskwWyQg7mPPZLSr0RQOgoLKm9P4E5mEJtgEEh1wLijpIx/9acQmJlT3/4xwzatWE4vgR+Ltw3o+jMo8g20ZGdW/hGfJaFT7voCjTuJ6mdiKshR3ZRQrVYAEzGp3tS2R7Rk/InHuqJQKU= administrator@localhost\n\n",
            "startup": "",
            "storage": null,
            "storage_type": null,
            "tablet": true,
            "tags": "",
            "target_node": "pve1",
            "target_nodes": null,
            "timeouts": {
              "create": "20m",
              "default": null,
              "delete": "10m",
              "read": null,
              "update": null
            },
            "unused_disk": [],
            "usb": [],
            "vcpus": 0,
            "vga": [],
            "vlan": -1,
            "vm_state": "running",
            "vmid": 100
          },
          "sensitive_attributes": [],
          "private": "eyJlMmJmYjczMC1lY2FhLTExZTYtOGY4OC0zNDM2M2JjN2M0YzAiOnsiY3JlYXRlIjoxMjAwMDAwMDAwMDAwLCJkZWZhdWx0IjoxMjAwMDAwMDAwMDAwLCJkZWxldGUiOjYwMDAwMDAwMDAwMCwicmVhZCI6MTIwMDAwMDAwMDAwMCwidXBkYXRlIjoxMjAwMDAwMDAwMDAwfX0="
        }
      ]
    }
  ],
  "check_results": null
}
