{
  "version": 4,
  "terraform_version": "1.7.1",
  "serial": 14,
  "lineage": "32201017-9d99-1ab6-a86a-574d2a6d52df",
  "outputs": {},
  "resources": [
    {
      "mode": "managed",
      "type": "proxmox_lxc",
      "name": "omada",
      "provider": "provider[\"registry.opentofu.org/telmate/proxmox\"]",
      "instances": [
        {
          "schema_version": 0,
          "attributes": {
            "arch": "amd64",
            "bwlimit": 0,
            "clone": null,
            "clone_storage": null,
            "cmode": "tty",
            "console": true,
            "cores": 2,
            "cpulimit": 0,
            "cpuunits": 1024,
            "description": "TP-Link Omada Controller\n",
            "features": [
              {
                "fuse": false,
                "keyctl": false,
                "mknod": false,
                "mount": "",
                "nesting": true
              }
            ],
            "force": false,
            "full": null,
            "hagroup": "",
            "hastate": "",
            "hookscript": "",
            "hostname": "omada",
            "id": "pve2/lxc/200",
            "ignore_unpack_errors": false,
            "lock": "",
            "memory": 4096,
            "mountpoint": [],
            "nameserver": "",
            "network": [
              {
                "bridge": "vmbr0",
                "firewall": false,
                "gw": "10.10.40.1",
                "gw6": "",
                "hwaddr": "BC:24:11:D0:E1:AD",
                "id": 0,
                "ip": "10.10.40.2/24",
                "ip6": "",
                "mtu": 0,
                "name": "eth0",
                "rate": 0,
                "tag": 40,
                "trunks": "",
                "type": "veth"
              }
            ],
            "onboot": true,
            "ostemplate": "local:vztmpl/debian-12-standard_12.2-1_amd64.tar.zst",
            "ostype": "debian",
            "password": "8ug58unny",
            "pool": null,
            "protection": false,
            "restore": false,
            "rootfs": [
              {
                "acl": false,
                "quota": false,
                "replicate": false,
                "ro": false,
                "shared": false,
                "size": "8G",
                "storage": "local-zfs",
                "volume": "local-zfs:subvol-200-disk-0"
              }
            ],
            "searchdomain": "",
            "ssh_public_keys": "    ssh-rsa AAAAB3NzaC1yc2EAAAADAQABAAABgQCWOK/FKS3a3cJbxLi+ZdUWErernQTMb++1ey6nswJhZTRSVKbsVjXHx0sz/Tgg9wn6mH6wvtD9E64ttrP9lYg+nrIR7PdmvQvpNm3D8KVqr0j3agm7MfOgctjbmuKt5gK8fQw+hisiExwIN8sNd+VBcL0WUbX277+hTM+z0o4/cwjZXE3dHE6J33mtl9FGoi0DNZKfWYo7Kovzwl+cypUbBUiueBbouha1wZ2lSFGAvluy7sk/1ODokKvv3OaiPUkYLpchNAfzILcuWAXId4vTZPPlZ/8RfZoabr6nf4eHqqkl0B7yvP7dEhauj9oeNq9IsoNDd5h6rTbSO0TdHIseJqmyHEsKkE2TK/kcXjndLLxN4rpPRkdskwWyQg7mPPZLSr0RQOgoLKm9P4E5mEJtgEEh1wLijpIx/9acQmJlT3/4xwzatWE4vgR+Ltw3o+jMo8g20ZGdW/hGfJaFT7voCjTuJ6mdiKshR3ZRQrVYAEzGp3tS2R7Rk/InHuqJQKU= administrator@localhost\n",
            "start": true,
            "startup": "",
            "swap": 512,
            "tags": "",
            "target_node": "pve2",
            "template": false,
            "timeouts": {
              "create": "20m",
              "default": null,
              "delete": "10m",
              "read": null,
              "update": null
            },
            "tty": 2,
            "unique": false,
            "unprivileged": true,
            "unused": [],
            "vmid": 200
          },
          "sensitive_attributes": [],
          "private": "eyJlMmJmYjczMC1lY2FhLTExZTYtOGY4OC0zNDM2M2JjN2M0YzAiOnsiY3JlYXRlIjoxMjAwMDAwMDAwMDAwLCJkZWZhdWx0IjoxMjAwMDAwMDAwMDAwLCJkZWxldGUiOjYwMDAwMDAwMDAwMCwicmVhZCI6MTIwMDAwMDAwMDAwMCwidXBkYXRlIjoxMjAwMDAwMDAwMDAwfX0="
        }
      ]
    },
    {
      "mode": "managed",
      "type": "proxmox_vm_qemu",
      "name": "docker",
      "provider": "provider[\"registry.opentofu.org/telmate/proxmox\"]",
      "instances": [
        {
          "schema_version": 0,
          "attributes": {
            "additional_wait": 5,
            "agent": 1,
            "args": "",
            "automatic_reboot": true,
            "balloon": 0,
            "bios": "ovmf",
            "boot": "order=scsi0;ide2",
            "bootdisk": "",
            "bridge": null,
            "ci_wait": null,
            "cicustom": "",
            "cipassword": "8ug58unny",
            "ciuser": "administrator",
            "clone": "debian-12-generic-amd64",
            "clone_wait": 45,
            "cloudinit_cdrom_storage": "local-zfs",
            "cores": 1,
            "cpu": "kvm64",
            "default_ipv4_address": "10.10.10.5",
            "define_connection_info": true,
            "desc": "Docker Server",
            "disk": [],
            "disk_gb": null,
            "disks": [
              {
                "ide": [],
                "sata": [],
                "scsi": [
                  {
                    "scsi0": [
                      {
                        "cdrom": [],
                        "disk": [
                          {
                            "asyncio": "",
                            "backup": true,
                            "cache": "",
                            "discard": false,
                            "emulatessd": false,
                            "format": "raw",
                            "id": 0,
                            "iops_r_burst": 0,
                            "iops_r_burst_length": 0,
                            "iops_r_concurrent": 0,
                            "iops_wr_burst": 0,
                            "iops_wr_burst_length": 0,
                            "iops_wr_concurrent": 0,
                            "iothread": false,
                            "linked_disk_id": -1,
                            "mbps_r_burst": 0,
                            "mbps_r_concurrent": 0,
                            "mbps_wr_burst": 0,
                            "mbps_wr_concurrent": 0,
                            "readonly": false,
                            "replicate": false,
                            "serial": "",
                            "size": 40,
                            "storage": "local-zfs",
                            "wwn": ""
                          }
                        ],
                        "passthrough": []
                      }
                    ],
                    "scsi1": [],
                    "scsi10": [],
                    "scsi11": [],
                    "scsi12": [],
                    "scsi13": [],
                    "scsi14": [],
                    "scsi15": [],
                    "scsi16": [],
                    "scsi17": [],
                    "scsi18": [],
                    "scsi19": [],
                    "scsi2": [],
                    "scsi20": [],
                    "scsi21": [],
                    "scsi22": [],
                    "scsi23": [],
                    "scsi24": [],
                    "scsi25": [],
                    "scsi26": [],
                    "scsi27": [],
                    "scsi28": [],
                    "scsi29": [],
                    "scsi3": [],
                    "scsi30": [],
                    "scsi4": [],
                    "scsi5": [],
                    "scsi6": [],
                    "scsi7": [],
                    "scsi8": [],
                    "scsi9": []
                  }
                ],
                "virtio": []
              }
            ],
            "efidisk": [
              {
                "efitype": "4m",
                "storage": "local-zfs"
              }
            ],
            "force_create": false,
            "force_recreate_on_change_of": null,
            "full_clone": true,
            "guest_agent_ready_timeout": 100,
            "hagroup": "",
            "hastate": "",
            "hostpci": [],
            "hotplug": "network,disk,usb",
            "id": "pve2/qemu/101",
            "ipconfig0": "ip=10.10.10.5/24,gw=10.10.10.1",
            "ipconfig1": "",
            "ipconfig10": "",
            "ipconfig11": "",
            "ipconfig12": "",
            "ipconfig13": "",
            "ipconfig14": "",
            "ipconfig15": "",
            "ipconfig2": "",
            "ipconfig3": "",
            "ipconfig4": "",
            "ipconfig5": "",
            "ipconfig6": "",
            "ipconfig7": "",
            "ipconfig8": "",
            "ipconfig9": "",
            "iso": "",
            "kvm": true,
            "linked_vmid": 0,
            "mac": null,
            "machine": "q35",
            "memory": 16384,
            "name": "docker",
            "nameserver": "10.10.10.1",
            "network": [
              {
                "bridge": "vmbr0",
                "firewall": false,
                "link_down": false,
                "macaddr": "BA:49:6A:6A:E4:2C",
                "model": "virtio",
                "mtu": 0,
                "queues": 0,
                "rate": 0,
                "tag": 10
              }
            ],
            "nic": null,
            "numa": false,
            "onboot": true,
            "oncreate": false,
            "os_network_config": null,
            "os_type": "cloud-init",
            "pool": "",
            "preprovision": true,
            "pxe": null,
            "qemu_os": "l26",
            "reboot_required": false,
            "scsihw": "virtio-scsi-single",
            "searchdomain": "",
            "serial": [],
            "smbios": [
              {
                "family": "",
                "manufacturer": "",
                "product": "",
                "serial": "",
                "sku": "",
                "uuid": "cd5bc84f-55b1-4dc1-99d3-61d3cf443169",
                "version": ""
              }
            ],
            "sockets": 4,
            "ssh_forward_ip": null,
            "ssh_host": "10.10.10.5",
            "ssh_port": "22",
            "ssh_private_key": null,
            "ssh_user": null,
            "sshkeys": "    ssh-rsa AAAAB3NzaC1yc2EAAAADAQABAAABgQCWOK/FKS3a3cJbxLi+ZdUWErernQTMb++1ey6nswJhZTRSVKbsVjXHx0sz/Tgg9wn6mH6wvtD9E64ttrP9lYg+nrIR7PdmvQvpNm3D8KVqr0j3agm7MfOgctjbmuKt5gK8fQw+hisiExwIN8sNd+VBcL0WUbX277+hTM+z0o4/cwjZXE3dHE6J33mtl9FGoi0DNZKfWYo7Kovzwl+cypUbBUiueBbouha1wZ2lSFGAvluy7sk/1ODokKvv3OaiPUkYLpchNAfzILcuWAXId4vTZPPlZ/8RfZoabr6nf4eHqqkl0B7yvP7dEhauj9oeNq9IsoNDd5h6rTbSO0TdHIseJqmyHEsKkE2TK/kcXjndLLxN4rpPRkdskwWyQg7mPPZLSr0RQOgoLKm9P4E5mEJtgEEh1wLijpIx/9acQmJlT3/4xwzatWE4vgR+Ltw3o+jMo8g20ZGdW/hGfJaFT7voCjTuJ6mdiKshR3ZRQrVYAEzGp3tS2R7Rk/InHuqJQKU= administrator@localhost\n\n",
            "startup": "",
            "storage": null,
            "storage_type": null,
            "tablet": true,
            "tags": "",
            "target_node": "pve2",
            "target_nodes": null,
            "timeouts": {
              "create": "20m",
              "default": null,
              "delete": "10m",
              "read": null,
              "update": null
            },
            "unused_disk": [],
            "usb": [],
            "vcpus": 0,
            "vga": [],
            "vlan": -1,
            "vm_state": "running",
            "vmid": 101
          },
          "sensitive_attributes": [],
          "private": "eyJlMmJmYjczMC1lY2FhLTExZTYtOGY4OC0zNDM2M2JjN2M0YzAiOnsiY3JlYXRlIjoxMjAwMDAwMDAwMDAwLCJkZWZhdWx0IjoxMjAwMDAwMDAwMDAwLCJkZWxldGUiOjYwMDAwMDAwMDAwMCwicmVhZCI6MTIwMDAwMDAwMDAwMCwidXBkYXRlIjoxMjAwMDAwMDAwMDAwfX0="
        }
      ]
    }
  ],
  "check_results": null
}
